// !$*UTF8*$!
{
	archiveVersion = 1;
	classes = {
	};
	objectVersion = 46;
	objects = {

/* Begin PBXBuildFile section */
		701FB02B1B286E95009A7D74 /* main.m in Sources */ = {isa = PBXBuildFile; fileRef = 701FB02A1B286E95009A7D74 /* main.m */; };
		701FB02E1B286E95009A7D74 /* WNAppDelegate.m in Sources */ = {isa = PBXBuildFile; fileRef = 701FB02D1B286E95009A7D74 /* WNAppDelegate.m */; };
		701FB0311B286E95009A7D74 /* WNCurrentWeatherViewController.m in Sources */ = {isa = PBXBuildFile; fileRef = 701FB0301B286E95009A7D74 /* WNCurrentWeatherViewController.m */; };
		701FB0361B286E95009A7D74 /* Images.xcassets in Resources */ = {isa = PBXBuildFile; fileRef = 701FB0351B286E95009A7D74 /* Images.xcassets */; };
		701FB0391B286E95009A7D74 /* LaunchScreen.xib in Resources */ = {isa = PBXBuildFile; fileRef = 701FB0371B286E95009A7D74 /* LaunchScreen.xib */; };
		701FB0451B286E95009A7D74 /* WeatherTests.m in Sources */ = {isa = PBXBuildFile; fileRef = 701FB0441B286E95009A7D74 /* WeatherTests.m */; };
		7080E87B1B2C6987001B99E3 /* WNForecastViewController.m in Sources */ = {isa = PBXBuildFile; fileRef = 7080E87A1B2C6987001B99E3 /* WNForecastViewController.m */; };
		7080E8941B2C8824001B99E3 /* InfoPlist.strings in Resources */ = {isa = PBXBuildFile; fileRef = 7080E8961B2C8824001B99E3 /* InfoPlist.strings */; };
		7080E8A21B2C9408001B99E3 /* WNCurrentWeather.m in Sources */ = {isa = PBXBuildFile; fileRef = 7080E89F1B2C9408001B99E3 /* WNCurrentWeather.m */; };
		7080E8A31B2C9408001B99E3 /* WNForecast.m in Sources */ = {isa = PBXBuildFile; fileRef = 7080E8A11B2C9408001B99E3 /* WNForecast.m */; };
		7080E8A71B2C943D001B99E3 /* WNLocationManager.m in Sources */ = {isa = PBXBuildFile; fileRef = 7080E8A61B2C943D001B99E3 /* WNLocationManager.m */; };
		7080E8AA1B2D102E001B99E3 /* WNCurrentWeatherManager.m in Sources */ = {isa = PBXBuildFile; fileRef = 7080E8A91B2D102E001B99E3 /* WNCurrentWeatherManager.m */; };
		7080E8AD1B2D15A3001B99E3 /* WNNetWorkManager.m in Sources */ = {isa = PBXBuildFile; fileRef = 7080E8AC1B2D15A3001B99E3 /* WNNetWorkManager.m */; };
		7083568B1B30130B0093565B /* WNWeather.m in Sources */ = {isa = PBXBuildFile; fileRef = 7083568A1B30130B0093565B /* WNWeather.m */; };
		7083568E1B301FA90093565B /* WNForecastManager.m in Sources */ = {isa = PBXBuildFile; fileRef = 7083568D1B301FA90093565B /* WNForecastManager.m */; };
		708356911B3027150093565B /* MTLModel+WNHelper.m in Sources */ = {isa = PBXBuildFile; fileRef = 708356901B3027150093565B /* MTLModel+WNHelper.m */; };
		70AAA87D1B2ECE2B00D9404A /* NSValueTransformer+WNTransformerAdditions.m in Sources */ = {isa = PBXBuildFile; fileRef = 70AAA87C1B2ECE2B00D9404A /* NSValueTransformer+WNTransformerAdditions.m */; };
		70C856E11B30EA4600471913 /* WNPullViewTransition.m in Sources */ = {isa = PBXBuildFile; fileRef = 70C856E01B30EA4600471913 /* WNPullViewTransition.m */; };
		70C856E61B30ED4400471913 /* PresentingAnimator.m in Sources */ = {isa = PBXBuildFile; fileRef = 70C856E31B30ED4400471913 /* PresentingAnimator.m */; };
		70C856E71B30ED4400471913 /* DismissingAnimator.m in Sources */ = {isa = PBXBuildFile; fileRef = 70C856E51B30ED4400471913 /* DismissingAnimator.m */; };
		70C856EA1B30EE2500471913 /* UIView+SetRect.m in Sources */ = {isa = PBXBuildFile; fileRef = 70C856E91B30EE2500471913 /* UIView+SetRect.m */; };
		924A7732F6354E06DA846886 /* libPods-Weather.a in Frameworks */ = {isa = PBXBuildFile; fileRef = 7601E69D42EEF557DC06C103 /* libPods-Weather.a */; };
/* End PBXBuildFile section */

/* Begin PBXContainerItemProxy section */
		701FB03F1B286E95009A7D74 /* PBXContainerItemProxy */ = {
			isa = PBXContainerItemProxy;
			containerPortal = 701FB01D1B286E95009A7D74 /* Project object */;
			proxyType = 1;
			remoteGlobalIDString = 701FB0241B286E95009A7D74;
			remoteInfo = Weather;
		};
/* End PBXContainerItemProxy section */

/* Begin PBXFileReference section */
		701FB0251B286E95009A7D74 /* Weather.app */ = {isa = PBXFileReference; explicitFileType = wrapper.application; includeInIndex = 0; path = Weather.app; sourceTree = BUILT_PRODUCTS_DIR; };
		701FB0291B286E95009A7D74 /* Info.plist */ = {isa = PBXFileReference; lastKnownFileType = text.plist.xml; path = Info.plist; sourceTree = "<group>"; };
		701FB02A1B286E95009A7D74 /* main.m */ = {isa = PBXFileReference; lastKnownFileType = sourcecode.c.objc; path = main.m; sourceTree = "<group>"; };
		701FB02C1B286E95009A7D74 /* WNAppDelegate.h */ = {isa = PBXFileReference; lastKnownFileType = sourcecode.c.h; path = WNAppDelegate.h; sourceTree = "<group>"; };
		701FB02D1B286E95009A7D74 /* WNAppDelegate.m */ = {isa = PBXFileReference; lastKnownFileType = sourcecode.c.objc; path = WNAppDelegate.m; sourceTree = "<group>"; };
		701FB02F1B286E95009A7D74 /* WNCurrentWeatherViewController.h */ = {isa = PBXFileReference; lastKnownFileType = sourcecode.c.h; path = WNCurrentWeatherViewController.h; sourceTree = "<group>"; };
		701FB0301B286E95009A7D74 /* WNCurrentWeatherViewController.m */ = {isa = PBXFileReference; lastKnownFileType = sourcecode.c.objc; path = WNCurrentWeatherViewController.m; sourceTree = "<group>"; };
		701FB0351B286E95009A7D74 /* Images.xcassets */ = {isa = PBXFileReference; lastKnownFileType = folder.assetcatalog; path = Images.xcassets; sourceTree = "<group>"; };
		701FB0381B286E95009A7D74 /* Base */ = {isa = PBXFileReference; lastKnownFileType = file.xib; name = Base; path = Base.lproj/LaunchScreen.xib; sourceTree = "<group>"; };
		701FB03E1B286E95009A7D74 /* WeatherTests.xctest */ = {isa = PBXFileReference; explicitFileType = wrapper.cfbundle; includeInIndex = 0; path = WeatherTests.xctest; sourceTree = BUILT_PRODUCTS_DIR; };
		701FB0431B286E95009A7D74 /* Info.plist */ = {isa = PBXFileReference; lastKnownFileType = text.plist.xml; path = Info.plist; sourceTree = "<group>"; };
		701FB0441B286E95009A7D74 /* WeatherTests.m */ = {isa = PBXFileReference; lastKnownFileType = sourcecode.c.objc; path = WeatherTests.m; sourceTree = "<group>"; };
		7080E8791B2C6987001B99E3 /* WNForecastViewController.h */ = {isa = PBXFileReference; fileEncoding = 4; lastKnownFileType = sourcecode.c.h; path = WNForecastViewController.h; sourceTree = "<group>"; };
		7080E87A1B2C6987001B99E3 /* WNForecastViewController.m */ = {isa = PBXFileReference; fileEncoding = 4; lastKnownFileType = sourcecode.c.objc; path = WNForecastViewController.m; sourceTree = "<group>"; };
		7080E8951B2C8824001B99E3 /* en */ = {isa = PBXFileReference; lastKnownFileType = text.plist.strings; name = en; path = en.lproj/InfoPlist.strings; sourceTree = "<group>"; };
		7080E8971B2C883E001B99E3 /* zh-Hans */ = {isa = PBXFileReference; lastKnownFileType = text.plist.strings; name = "zh-Hans"; path = "zh-Hans.lproj/LaunchScreen.strings"; sourceTree = "<group>"; };
		7080E8981B2C883F001B99E3 /* zh-Hans */ = {isa = PBXFileReference; lastKnownFileType = text.plist.strings; name = "zh-Hans"; path = "zh-Hans.lproj/InfoPlist.strings"; sourceTree = "<group>"; };
		7080E89E1B2C9408001B99E3 /* WNCurrentWeather.h */ = {isa = PBXFileReference; fileEncoding = 4; lastKnownFileType = sourcecode.c.h; name = WNCurrentWeather.h; path = Model/WNCurrentWeather.h; sourceTree = "<group>"; };
		7080E89F1B2C9408001B99E3 /* WNCurrentWeather.m */ = {isa = PBXFileReference; fileEncoding = 4; lastKnownFileType = sourcecode.c.objc; name = WNCurrentWeather.m; path = Model/WNCurrentWeather.m; sourceTree = "<group>"; };
		7080E8A01B2C9408001B99E3 /* WNForecast.h */ = {isa = PBXFileReference; fileEncoding = 4; lastKnownFileType = sourcecode.c.h; name = WNForecast.h; path = Model/WNForecast.h; sourceTree = "<group>"; };
		7080E8A11B2C9408001B99E3 /* WNForecast.m */ = {isa = PBXFileReference; fileEncoding = 4; lastKnownFileType = sourcecode.c.objc; name = WNForecast.m; path = Model/WNForecast.m; sourceTree = "<group>"; };
		7080E8A41B2C942D001B99E3 /* WNModels.h */ = {isa = PBXFileReference; fileEncoding = 4; lastKnownFileType = sourcecode.c.h; name = WNModels.h; path = Model/WNModels.h; sourceTree = "<group>"; };
		7080E8A51B2C943D001B99E3 /* WNLocationManager.h */ = {isa = PBXFileReference; fileEncoding = 4; lastKnownFileType = sourcecode.c.h; name = WNLocationManager.h; path = Manager/WNLocationManager.h; sourceTree = "<group>"; };
		7080E8A61B2C943D001B99E3 /* WNLocationManager.m */ = {isa = PBXFileReference; fileEncoding = 4; lastKnownFileType = sourcecode.c.objc; name = WNLocationManager.m; path = Manager/WNLocationManager.m; sourceTree = "<group>"; };
		7080E8A81B2D102E001B99E3 /* WNCurrentWeatherManager.h */ = {isa = PBXFileReference; fileEncoding = 4; lastKnownFileType = sourcecode.c.h; name = WNCurrentWeatherManager.h; path = Manager/WNCurrentWeatherManager.h; sourceTree = "<group>"; };
		7080E8A91B2D102E001B99E3 /* WNCurrentWeatherManager.m */ = {isa = PBXFileReference; fileEncoding = 4; lastKnownFileType = sourcecode.c.objc; name = WNCurrentWeatherManager.m; path = Manager/WNCurrentWeatherManager.m; sourceTree = "<group>"; };
		7080E8AB1B2D15A3001B99E3 /* WNNetWorkManager.h */ = {isa = PBXFileReference; fileEncoding = 4; lastKnownFileType = sourcecode.c.h; name = WNNetWorkManager.h; path = Manager/WNNetWorkManager.h; sourceTree = "<group>"; };
		7080E8AC1B2D15A3001B99E3 /* WNNetWorkManager.m */ = {isa = PBXFileReference; fileEncoding = 4; lastKnownFileType = sourcecode.c.objc; name = WNNetWorkManager.m; path = Manager/WNNetWorkManager.m; sourceTree = "<group>"; };
		708356891B30130B0093565B /* WNWeather.h */ = {isa = PBXFileReference; fileEncoding = 4; lastKnownFileType = sourcecode.c.h; name = WNWeather.h; path = Model/WNWeather.h; sourceTree = "<group>"; };
		7083568A1B30130B0093565B /* WNWeather.m */ = {isa = PBXFileReference; fileEncoding = 4; lastKnownFileType = sourcecode.c.objc; name = WNWeather.m; path = Model/WNWeather.m; sourceTree = "<group>"; };
		7083568C1B301FA90093565B /* WNForecastManager.h */ = {isa = PBXFileReference; fileEncoding = 4; lastKnownFileType = sourcecode.c.h; name = WNForecastManager.h; path = Manager/WNForecastManager.h; sourceTree = "<group>"; };
		7083568D1B301FA90093565B /* WNForecastManager.m */ = {isa = PBXFileReference; fileEncoding = 4; lastKnownFileType = sourcecode.c.objc; name = WNForecastManager.m; path = Manager/WNForecastManager.m; sourceTree = "<group>"; };
		7083568F1B3027150093565B /* MTLModel+WNHelper.h */ = {isa = PBXFileReference; fileEncoding = 4; lastKnownFileType = sourcecode.c.h; name = "MTLModel+WNHelper.h"; path = "Model/MTLModel+WNHelper.h"; sourceTree = "<group>"; };
		708356901B3027150093565B /* MTLModel+WNHelper.m */ = {isa = PBXFileReference; fileEncoding = 4; lastKnownFileType = sourcecode.c.objc; name = "MTLModel+WNHelper.m"; path = "Model/MTLModel+WNHelper.m"; sourceTree = "<group>"; };
		70AAA87B1B2ECE2B00D9404A /* NSValueTransformer+WNTransformerAdditions.h */ = {isa = PBXFileReference; fileEncoding = 4; lastKnownFileType = sourcecode.c.h; name = "NSValueTransformer+WNTransformerAdditions.h"; path = "Model/NSValueTransformer+WNTransformerAdditions.h"; sourceTree = "<group>"; };
		70AAA87C1B2ECE2B00D9404A /* NSValueTransformer+WNTransformerAdditions.m */ = {isa = PBXFileReference; fileEncoding = 4; lastKnownFileType = sourcecode.c.objc; name = "NSValueTransformer+WNTransformerAdditions.m"; path = "Model/NSValueTransformer+WNTransformerAdditions.m"; sourceTree = "<group>"; };
		70C856DF1B30EA4600471913 /* WNPullViewTransition.h */ = {isa = PBXFileReference; fileEncoding = 4; lastKnownFileType = sourcecode.c.h; path = WNPullViewTransition.h; sourceTree = "<group>"; };
		70C856E01B30EA4600471913 /* WNPullViewTransition.m */ = {isa = PBXFileReference; fileEncoding = 4; lastKnownFileType = sourcecode.c.objc; path = WNPullViewTransition.m; sourceTree = "<group>"; };
		70C856E21B30ED4400471913 /* PresentingAnimator.h */ = {isa = PBXFileReference; fileEncoding = 4; lastKnownFileType = sourcecode.c.h; path = PresentingAnimator.h; sourceTree = "<group>"; };
		70C856E31B30ED4400471913 /* PresentingAnimator.m */ = {isa = PBXFileReference; fileEncoding = 4; lastKnownFileType = sourcecode.c.objc; path = PresentingAnimator.m; sourceTree = "<group>"; };
		70C856E41B30ED4400471913 /* DismissingAnimator.h */ = {isa = PBXFileReference; fileEncoding = 4; lastKnownFileType = sourcecode.c.h; path = DismissingAnimator.h; sourceTree = "<group>"; };
		70C856E51B30ED4400471913 /* DismissingAnimator.m */ = {isa = PBXFileReference; fileEncoding = 4; lastKnownFileType = sourcecode.c.objc; path = DismissingAnimator.m; sourceTree = "<group>"; };
		70C856E81B30EE2500471913 /* UIView+SetRect.h */ = {isa = PBXFileReference; fileEncoding = 4; lastKnownFileType = sourcecode.c.h; path = "UIView+SetRect.h"; sourceTree = "<group>"; };
		70C856E91B30EE2500471913 /* UIView+SetRect.m */ = {isa = PBXFileReference; fileEncoding = 4; lastKnownFileType = sourcecode.c.objc; path = "UIView+SetRect.m"; sourceTree = "<group>"; };
		7601E69D42EEF557DC06C103 /* libPods-Weather.a */ = {isa = PBXFileReference; explicitFileType = archive.ar; includeInIndex = 0; path = "libPods-Weather.a"; sourceTree = BUILT_PRODUCTS_DIR; };
		78628E13D450B304AFF9B422 /* Pods-Weather.debug.xcconfig */ = {isa = PBXFileReference; includeInIndex = 1; lastKnownFileType = text.xcconfig; name = "Pods-Weather.debug.xcconfig"; path = "Pods/Target Support Files/Pods-Weather/Pods-Weather.debug.xcconfig"; sourceTree = "<group>"; };
		E9507CCAD8EA81588366F240 /* Pods-Weather.release.xcconfig */ = {isa = PBXFileReference; includeInIndex = 1; lastKnownFileType = text.xcconfig; name = "Pods-Weather.release.xcconfig"; path = "Pods/Target Support Files/Pods-Weather/Pods-Weather.release.xcconfig"; sourceTree = "<group>"; };
/* End PBXFileReference section */

/* Begin PBXFrameworksBuildPhase section */
		701FB0221B286E95009A7D74 /* Frameworks */ = {
			isa = PBXFrameworksBuildPhase;
			buildActionMask = 2147483647;
			files = (
				924A7732F6354E06DA846886 /* libPods-Weather.a in Frameworks */,
			);
			runOnlyForDeploymentPostprocessing = 0;
		};
		701FB03B1B286E95009A7D74 /* Frameworks */ = {
			isa = PBXFrameworksBuildPhase;
			buildActionMask = 2147483647;
			files = (
			);
			runOnlyForDeploymentPostprocessing = 0;
		};
/* End PBXFrameworksBuildPhase section */

/* Begin PBXGroup section */
		701FB01C1B286E95009A7D74 = {
			isa = PBXGroup;
			children = (
				701FB0271B286E95009A7D74 /* Weather */,
				701FB0411B286E95009A7D74 /* WeatherTests */,
				701FB0261B286E95009A7D74 /* Products */,
				B18072864EA2A67C55F0EE01 /* Pods */,
				807EC94569503D4F7EA208BE /* Frameworks */,
			);
			sourceTree = "<group>";
		};
		701FB0261B286E95009A7D74 /* Products */ = {
			isa = PBXGroup;
			children = (
				701FB0251B286E95009A7D74 /* Weather.app */,
				701FB03E1B286E95009A7D74 /* WeatherTests.xctest */,
			);
			name = Products;
			sourceTree = "<group>";
		};
		701FB0271B286E95009A7D74 /* Weather */ = {
			isa = PBXGroup;
			children = (
				701FB02C1B286E95009A7D74 /* WNAppDelegate.h */,
				701FB02D1B286E95009A7D74 /* WNAppDelegate.m */,
				701FB02F1B286E95009A7D74 /* WNCurrentWeatherViewController.h */,
				701FB0301B286E95009A7D74 /* WNCurrentWeatherViewController.m */,
				7080E8791B2C6987001B99E3 /* WNForecastViewController.h */,
				7080E87A1B2C6987001B99E3 /* WNForecastViewController.m */,
				70C856E81B30EE2500471913 /* UIView+SetRect.h */,
				70C856E91B30EE2500471913 /* UIView+SetRect.m */,
				70C856DE1B30EA1C00471913 /* View */,
				7080E8991B2C8A5E001B99E3 /* Manager */,
				7080E87D1B2C6AFA001B99E3 /* Models */,
				701FB0351B286E95009A7D74 /* Images.xcassets */,
				701FB0371B286E95009A7D74 /* LaunchScreen.xib */,
				701FB0281B286E95009A7D74 /* Supporting Files */,
			);
			path = Weather;
			sourceTree = "<group>";
		};
		701FB0281B286E95009A7D74 /* Supporting Files */ = {
			isa = PBXGroup;
			children = (
				701FB0291B286E95009A7D74 /* Info.plist */,
				701FB02A1B286E95009A7D74 /* main.m */,
				7080E8961B2C8824001B99E3 /* InfoPlist.strings */,
			);
			name = "Supporting Files";
			sourceTree = "<group>";
		};
		701FB0411B286E95009A7D74 /* WeatherTests */ = {
			isa = PBXGroup;
			children = (
				701FB0441B286E95009A7D74 /* WeatherTests.m */,
				701FB0421B286E95009A7D74 /* Supporting Files */,
			);
			path = WeatherTests;
			sourceTree = "<group>";
		};
		701FB0421B286E95009A7D74 /* Supporting Files */ = {
			isa = PBXGroup;
			children = (
				701FB0431B286E95009A7D74 /* Info.plist */,
			);
			name = "Supporting Files";
			sourceTree = "<group>";
		};
		7080E87D1B2C6AFA001B99E3 /* Models */ = {
			isa = PBXGroup;
			children = (
				7080E8A41B2C942D001B99E3 /* WNModels.h */,
				7083568F1B3027150093565B /* MTLModel+WNHelper.h */,
				708356901B3027150093565B /* MTLModel+WNHelper.m */,
				70AAA87B1B2ECE2B00D9404A /* NSValueTransformer+WNTransformerAdditions.h */,
				70AAA87C1B2ECE2B00D9404A /* NSValueTransformer+WNTransformerAdditions.m */,
				708356891B30130B0093565B /* WNWeather.h */,
				7083568A1B30130B0093565B /* WNWeather.m */,
				7080E89E1B2C9408001B99E3 /* WNCurrentWeather.h */,
				7080E89F1B2C9408001B99E3 /* WNCurrentWeather.m */,
				7080E8A01B2C9408001B99E3 /* WNForecast.h */,
				7080E8A11B2C9408001B99E3 /* WNForecast.m */,
			);
			name = Models;
			sourceTree = "<group>";
		};
		7080E8991B2C8A5E001B99E3 /* Manager */ = {
			isa = PBXGroup;
			children = (
				7080E8A51B2C943D001B99E3 /* WNLocationManager.h */,
				7080E8A61B2C943D001B99E3 /* WNLocationManager.m */,
				7080E8AB1B2D15A3001B99E3 /* WNNetWorkManager.h */,
				7080E8AC1B2D15A3001B99E3 /* WNNetWorkManager.m */,
				7080E8A81B2D102E001B99E3 /* WNCurrentWeatherManager.h */,
				7080E8A91B2D102E001B99E3 /* WNCurrentWeatherManager.m */,
				7083568C1B301FA90093565B /* WNForecastManager.h */,
				7083568D1B301FA90093565B /* WNForecastManager.m */,
			);
			name = Manager;
			sourceTree = "<group>";
		};
		70C856DE1B30EA1C00471913 /* View */ = {
			isa = PBXGroup;
			children = (
				70C856DF1B30EA4600471913 /* WNPullViewTransition.h */,
				70C856E01B30EA4600471913 /* WNPullViewTransition.m */,
				70C856E21B30ED4400471913 /* PresentingAnimator.h */,
				70C856E31B30ED4400471913 /* PresentingAnimator.m */,
				70C856E41B30ED4400471913 /* DismissingAnimator.h */,
				70C856E51B30ED4400471913 /* DismissingAnimator.m */,
			);
			name = View;
			sourceTree = "<group>";
		};
		807EC94569503D4F7EA208BE /* Frameworks */ = {
			isa = PBXGroup;
			children = (
				7601E69D42EEF557DC06C103 /* libPods-Weather.a */,
			);
			name = Frameworks;
			sourceTree = "<group>";
		};
		B18072864EA2A67C55F0EE01 /* Pods */ = {
			isa = PBXGroup;
			children = (
				78628E13D450B304AFF9B422 /* Pods-Weather.debug.xcconfig */,
				E9507CCAD8EA81588366F240 /* Pods-Weather.release.xcconfig */,
			);
			name = Pods;
			sourceTree = "<group>";
		};
/* End PBXGroup section */

/* Begin PBXNativeTarget section */
		701FB0241B286E95009A7D74 /* Weather */ = {
			isa = PBXNativeTarget;
			buildConfigurationList = 701FB0481B286E95009A7D74 /* Build configuration list for PBXNativeTarget "Weather" */;
			buildPhases = (
				84819EB4F270959ABBE9565E /* Check Pods Manifest.lock */,
				701FB0211B286E95009A7D74 /* Sources */,
				701FB0221B286E95009A7D74 /* Frameworks */,
				701FB0231B286E95009A7D74 /* Resources */,
				D211E9CE9261F668E523365F /* Copy Pods Resources */,
			);
			buildRules = (
			);
			dependencies = (
			);
			name = Weather;
			productName = Weather;
			productReference = 701FB0251B286E95009A7D74 /* Weather.app */;
			productType = "com.apple.product-type.application";
		};
		701FB03D1B286E95009A7D74 /* WeatherTests */ = {
			isa = PBXNativeTarget;
			buildConfigurationList = 701FB04B1B286E95009A7D74 /* Build configuration list for PBXNativeTarget "WeatherTests" */;
			buildPhases = (
				701FB03A1B286E95009A7D74 /* Sources */,
				701FB03B1B286E95009A7D74 /* Frameworks */,
				701FB03C1B286E95009A7D74 /* Resources */,
			);
			buildRules = (
			);
			dependencies = (
				701FB0401B286E95009A7D74 /* PBXTargetDependency */,
			);
			name = WeatherTests;
			productName = WeatherTests;
			productReference = 701FB03E1B286E95009A7D74 /* WeatherTests.xctest */;
			productType = "com.apple.product-type.bundle.unit-test";
		};
/* End PBXNativeTarget section */

/* Begin PBXProject section */
		701FB01D1B286E95009A7D74 /* Project object */ = {
			isa = PBXProject;
			attributes = {
				CLASSPREFIX = WN;
				LastUpgradeCheck = 0610;
				ORGANIZATIONNAME = WuNan;
				TargetAttributes = {
					701FB0241B286E95009A7D74 = {
						CreatedOnToolsVersion = 6.1;
					};
					701FB03D1B286E95009A7D74 = {
						CreatedOnToolsVersion = 6.1;
						TestTargetID = 701FB0241B286E95009A7D74;
					};
				};
			};
			buildConfigurationList = 701FB0201B286E95009A7D74 /* Build configuration list for PBXProject "Weather" */;
			compatibilityVersion = "Xcode 3.2";
			developmentRegion = English;
			hasScannedForEncodings = 0;
			knownRegions = (
				en,
				Base,
				"zh-Hans",
			);
			mainGroup = 701FB01C1B286E95009A7D74;
			productRefGroup = 701FB0261B286E95009A7D74 /* Products */;
			projectDirPath = "";
			projectRoot = "";
			targets = (
				701FB0241B286E95009A7D74 /* Weather */,
				701FB03D1B286E95009A7D74 /* WeatherTests */,
			);
		};
/* End PBXProject section */

/* Begin PBXResourcesBuildPhase section */
		701FB0231B286E95009A7D74 /* Resources */ = {
			isa = PBXResourcesBuildPhase;
			buildActionMask = 2147483647;
			files = (
				701FB0391B286E95009A7D74 /* LaunchScreen.xib in Resources */,
				7080E8941B2C8824001B99E3 /* InfoPlist.strings in Resources */,
				701FB0361B286E95009A7D74 /* Images.xcassets in Resources */,
			);
			runOnlyForDeploymentPostprocessing = 0;
		};
		701FB03C1B286E95009A7D74 /* Resources */ = {
			isa = PBXResourcesBuildPhase;
			buildActionMask = 2147483647;
			files = (
			);
			runOnlyForDeploymentPostprocessing = 0;
		};
/* End PBXResourcesBuildPhase section */

/* Begin PBXShellScriptBuildPhase section */
		84819EB4F270959ABBE9565E /* Check Pods Manifest.lock */ = {
			isa = PBXShellScriptBuildPhase;
			buildActionMask = 2147483647;
			files = (
			);
			inputPaths = (
			);
			name = "Check Pods Manifest.lock";
			outputPaths = (
			);
			runOnlyForDeploymentPostprocessing = 0;
			shellPath = /bin/sh;
			shellScript = "diff \"${PODS_ROOT}/../Podfile.lock\" \"${PODS_ROOT}/Manifest.lock\" > /dev/null\nif [[ $? != 0 ]] ; then\n    cat << EOM\nerror: The sandbox is not in sync with the Podfile.lock. Run 'pod install' or update your CocoaPods installation.\nEOM\n    exit 1\nfi\n";
			showEnvVarsInLog = 0;
		};
		D211E9CE9261F668E523365F /* Copy Pods Resources */ = {
			isa = PBXShellScriptBuildPhase;
			buildActionMask = 2147483647;
			files = (
			);
			inputPaths = (
			);
			name = "Copy Pods Resources";
			outputPaths = (
			);
			runOnlyForDeploymentPostprocessing = 0;
			shellPath = /bin/sh;
			shellScript = "\"${SRCROOT}/Pods/Target Support Files/Pods-Weather/Pods-Weather-resources.sh\"\n";
			showEnvVarsInLog = 0;
		};
/* End PBXShellScriptBuildPhase section */

/* Begin PBXSourcesBuildPhase section */
		701FB0211B286E95009A7D74 /* Sources */ = {
			isa = PBXSourcesBuildPhase;
			buildActionMask = 2147483647;
			files = (
				701FB0311B286E95009A7D74 /* WNCurrentWeatherViewController.m in Sources */,
				7080E8A71B2C943D001B99E3 /* WNLocationManager.m in Sources */,
				7083568E1B301FA90093565B /* WNForecastManager.m in Sources */,
				70AAA87D1B2ECE2B00D9404A /* NSValueTransformer+WNTransformerAdditions.m in Sources */,
				70C856E71B30ED4400471913 /* DismissingAnimator.m in Sources */,
				70C856EA1B30EE2500471913 /* UIView+SetRect.m in Sources */,
				7080E8A31B2C9408001B99E3 /* WNForecast.m in Sources */,
				7080E87B1B2C6987001B99E3 /* WNForecastViewController.m in Sources */,
				7080E8AD1B2D15A3001B99E3 /* WNNetWorkManager.m in Sources */,
				70C856E61B30ED4400471913 /* PresentingAnimator.m in Sources */,
				708356911B3027150093565B /* MTLModel+WNHelper.m in Sources */,
				7083568B1B30130B0093565B /* WNWeather.m in Sources */,
				7080E8A21B2C9408001B99E3 /* WNCurrentWeather.m in Sources */,
				701FB02E1B286E95009A7D74 /* WNAppDelegate.m in Sources */,
				701FB02B1B286E95009A7D74 /* main.m in Sources */,
				7080E8AA1B2D102E001B99E3 /* WNCurrentWeatherManager.m in Sources */,
				70C856E11B30EA4600471913 /* WNPullViewTransition.m in Sources */,
			);
			runOnlyForDeploymentPostprocessing = 0;
		};
		701FB03A1B286E95009A7D74 /* Sources */ = {
			isa = PBXSourcesBuildPhase;
			buildActionMask = 2147483647;
			files = (
				701FB0451B286E95009A7D74 /* WeatherTests.m in Sources */,
			);
			runOnlyForDeploymentPostprocessing = 0;
		};
/* End PBXSourcesBuildPhase section */

/* Begin PBXTargetDependency section */
		701FB0401B286E95009A7D74 /* PBXTargetDependency */ = {
			isa = PBXTargetDependency;
			target = 701FB0241B286E95009A7D74 /* Weather */;
			targetProxy = 701FB03F1B286E95009A7D74 /* PBXContainerItemProxy */;
		};
/* End PBXTargetDependency section */

/* Begin PBXVariantGroup section */
		701FB0371B286E95009A7D74 /* LaunchScreen.xib */ = {
			isa = PBXVariantGroup;
			children = (
				701FB0381B286E95009A7D74 /* Base */,
				7080E8971B2C883E001B99E3 /* zh-Hans */,
			);
			name = LaunchScreen.xib;
			sourceTree = "<group>";
		};
		7080E8961B2C8824001B99E3 /* InfoPlist.strings */ = {
			isa = PBXVariantGroup;
			children = (
				7080E8951B2C8824001B99E3 /* en */,
				7080E8981B2C883F001B99E3 /* zh-Hans */,
			);
			name = InfoPlist.strings;
			sourceTree = "<group>";
		};
/* End PBXVariantGroup section */

/* Begin XCBuildConfiguration section */
		701FB0461B286E95009A7D74 /* Debug */ = {
			isa = XCBuildConfiguration;
			buildSettings = {
				ALWAYS_SEARCH_USER_PATHS = NO;
				CLANG_CXX_LANGUAGE_STANDARD = "gnu++0x";
				CLANG_CXX_LIBRARY = "libc++";
				CLANG_ENABLE_MODULES = YES;
				CLANG_ENABLE_OBJC_ARC = YES;
				CLANG_WARN_BOOL_CONVERSION = YES;
				CLANG_WARN_CONSTANT_CONVERSION = YES;
				CLANG_WARN_DIRECT_OBJC_ISA_USAGE = YES_ERROR;
				CLANG_WARN_EMPTY_BODY = YES;
				CLANG_WARN_ENUM_CONVERSION = YES;
				CLANG_WARN_INT_CONVERSION = YES;
				CLANG_WARN_OBJC_ROOT_CLASS = YES_ERROR;
				CLANG_WARN_UNREACHABLE_CODE = YES;
				CLANG_WARN__DUPLICATE_METHOD_MATCH = YES;
				"CODE_SIGN_IDENTITY[sdk=iphoneos*]" = "iPhone Developer";
				COPY_PHASE_STRIP = NO;
				ENABLE_STRICT_OBJC_MSGSEND = YES;
				GCC_C_LANGUAGE_STANDARD = gnu99;
				GCC_DYNAMIC_NO_PIC = NO;
				GCC_OPTIMIZATION_LEVEL = 0;
				GCC_PREPROCESSOR_DEFINITIONS = (
					"DEBUG=1",
					"$(inherited)",
				);
				GCC_SYMBOLS_PRIVATE_EXTERN = NO;
				GCC_WARN_64_TO_32_BIT_CONVERSION = YES;
				GCC_WARN_ABOUT_RETURN_TYPE = YES_ERROR;
				GCC_WARN_UNDECLARED_SELECTOR = YES;
				GCC_WARN_UNINITIALIZED_AUTOS = YES_AGGRESSIVE;
				GCC_WARN_UNUSED_FUNCTION = YES;
				GCC_WARN_UNUSED_VARIABLE = YES;
				IPHONEOS_DEPLOYMENT_TARGET = 8.1;
				MTL_ENABLE_DEBUG_INFO = YES;
				ONLY_ACTIVE_ARCH = YES;
				SDKROOT = iphoneos;
			};
			name = Debug;
		};
		701FB0471B286E95009A7D74 /* Release */ = {
			isa = XCBuildConfiguration;
			buildSettings = {
				ALWAYS_SEARCH_USER_PATHS = NO;
				CLANG_CXX_LANGUAGE_STANDARD = "gnu++0x";
				CLANG_CXX_LIBRARY = "libc++";
				CLANG_ENABLE_MODULES = YES;
				CLANG_ENABLE_OBJC_ARC = YES;
				CLANG_WARN_BOOL_CONVERSION = YES;
				CLANG_WARN_CONSTANT_CONVERSION = YES;
				CLANG_WARN_DIRECT_OBJC_ISA_USAGE = YES_ERROR;
				CLANG_WARN_EMPTY_BODY = YES;
				CLANG_WARN_ENUM_CONVERSION = YES;
				CLANG_WARN_INT_CONVERSION = YES;
				CLANG_WARN_OBJC_ROOT_CLASS = YES_ERROR;
				CLANG_WARN_UNREACHABLE_CODE = YES;
				CLANG_WARN__DUPLICATE_METHOD_MATCH = YES;
				"CODE_SIGN_IDENTITY[sdk=iphoneos*]" = "iPhone Developer";
				COPY_PHASE_STRIP = YES;
				ENABLE_NS_ASSERTIONS = NO;
				ENABLE_STRICT_OBJC_MSGSEND = YES;
				GCC_C_LANGUAGE_STANDARD = gnu99;
				GCC_WARN_64_TO_32_BIT_CONVERSION = YES;
				GCC_WARN_ABOUT_RETURN_TYPE = YES_ERROR;
				GCC_WARN_UNDECLARED_SELECTOR = YES;
				GCC_WARN_UNINITIALIZED_AUTOS = YES_AGGRESSIVE;
				GCC_WARN_UNUSED_FUNCTION = YES;
				GCC_WARN_UNUSED_VARIABLE = YES;
				IPHONEOS_DEPLOYMENT_TARGET = 8.1;
				MTL_ENABLE_DEBUG_INFO = NO;
				SDKROOT = iphoneos;
				VALIDATE_PRODUCT = YES;
			};
			name = Release;
		};
		701FB0491B286E95009A7D74 /* Debug */ = {
			isa = XCBuildConfiguration;
			baseConfigurationReference = 78628E13D450B304AFF9B422 /* Pods-Weather.debug.xcconfig */;
			buildSettings = {
				ASSETCATALOG_COMPILER_APPICON_NAME = AppIcon;
				INFOPLIST_FILE = Weather/Info.plist;
				LD_RUNPATH_SEARCH_PATHS = "$(inherited) @executable_path/Frameworks";
				PRODUCT_NAME = "$(TARGET_NAME)";
			};
			name = Debug;
		};
		701FB04A1B286E95009A7D74 /* Release */ = {
			isa = XCBuildConfiguration;
			baseConfigurationReference = E9507CCAD8EA81588366F240 /* Pods-Weather.release.xcconfig */;
			buildSettings = {
				ASSETCATALOG_COMPILER_APPICON_NAME = AppIcon;
				INFOPLIST_FILE = Weather/Info.plist;
				LD_RUNPATH_SEARCH_PATHS = "$(inherited) @executable_path/Frameworks";
				PRODUCT_NAME = "$(TARGET_NAME)";
			};
			name = Release;
		};
		701FB04C1B286E95009A7D74 /* Debug */ = {
			isa = XCBuildConfiguration;
			buildSettings = {
				BUNDLE_LOADER = "$(TEST_HOST)";
				FRAMEWORK_SEARCH_PATHS = (
					"$(SDKROOT)/Developer/Library/Frameworks",
					"$(inherited)",
				);
				GCC_PREPROCESSOR_DEFINITIONS = (
					"DEBUG=1",
					"$(inherited)",
				);
				INFOPLIST_FILE = WeatherTests/Info.plist;
				LD_RUNPATH_SEARCH_PATHS = "$(inherited) @executable_path/Frameworks @loader_path/Frameworks";
				PRODUCT_NAME = "$(TARGET_NAME)";
				TEST_HOST = "$(BUILT_PRODUCTS_DIR)/Weather.app/Weather";
			};
			name = Debug;
		};
		701FB04D1B286E95009A7D74 /* Release */ = {
			isa = XCBuildConfiguration;
			buildSettings = {
				BUNDLE_LOADER = "$(TEST_HOST)";
				FRAMEWORK_SEARCH_PATHS = (
					"$(SDKROOT)/Developer/Library/Frameworks",
					"$(inherited)",
				);
				INFOPLIST_FILE = WeatherTests/Info.plist;
				LD_RUNPATH_SEARCH_PATHS = "$(inherited) @executable_path/Frameworks @loader_path/Frameworks";
				PRODUCT_NAME = "$(TARGET_NAME)";
				TEST_HOST = "$(BUILT_PRODUCTS_DIR)/Weather.app/Weather";
			};
			name = Release;
		};
/* End XCBuildConfiguration section */

/* Begin XCConfigurationList section */
		701FB0201B286E95009A7D74 /* Build configuration list for PBXProject "Weather" */ = {
			isa = XCConfigurationList;
			buildConfigurations = (
				701FB0461B286E95009A7D74 /* Debug */,
				701FB0471B286E95009A7D74 /* Release */,
			);
			defaultConfigurationIsVisible = 0;
			defaultConfigurationName = Release;
		};
		701FB0481B286E95009A7D74 /* Build configuration list for PBXNativeTarget "Weather" */ = {
			isa = XCConfigurationList;
			buildConfigurations = (
				701FB0491B286E95009A7D74 /* Debug */,
				701FB04A1B286E95009A7D74 /* Release */,
			);
			defaultConfigurationIsVisible = 0;
			defaultConfigurationName = Release;
		};
		701FB04B1B286E95009A7D74 /* Build configuration list for PBXNativeTarget "WeatherTests" */ = {
			isa = XCConfigurationList;
			buildConfigurations = (
				701FB04C1B286E95009A7D74 /* Debug */,
				701FB04D1B286E95009A7D74 /* Release */,
			);
			defaultConfigurationIsVisible = 0;
			defaultConfigurationName = Release;
		};
/* End XCConfigurationList section */
	};
	rootObject = 701FB01D1B286E95009A7D74 /* Project object */;
}
