// !$*UTF8*$!
{
	archiveVersion = 1;
	classes = {
	};
	objectVersion = 46;
	objects = {

/* Begin PBXBuildFile section */
		701FB02B1B286E95009A7D74 /* main.m in Sources */ = {isa = PBXBuildFile; fileRef = 701FB02A1B286E95009A7D74 /* main.m */; };
		701FB02E1B286E95009A7D74 /* AppDelegate.m in Sources */ = {isa = PBXBuildFile; fileRef = 701FB02D1B286E95009A7D74 /* AppDelegate.m */; };
		701FB0311B286E95009A7D74 /* ViewController.m in Sources */ = {isa = PBXBuildFile; fileRef = 701FB0301B286E95009A7D74 /* ViewController.m */; };
		701FB0341B286E95009A7D74 /* Main.storyboard in Resources */ = {isa = PBXBuildFile; fileRef = 701FB0321B286E95009A7D74 /* Main.storyboard */; };
		701FB0361B286E95009A7D74 /* Images.xcassets in Resources */ = {isa = PBXBuildFile; fileRef = 701FB0351B286E95009A7D74 /* Images.xcassets */; };
		701FB0391B286E95009A7D74 /* LaunchScreen.xib in Resources */ = {isa = PBXBuildFile; fileRef = 701FB0371B286E95009A7D74 /* LaunchScreen.xib */; };
		701FB0451B286E95009A7D74 /* WeatherTests.m in Sources */ = {isa = PBXBuildFile; fileRef = 701FB0441B286E95009A7D74 /* WeatherTests.m */; };
/* End PBXBuildFile section */

/* Begin PBXContainerItemProxy section */
		701FB03F1B286E95009A7D74 /* PBXContainerItemProxy */ = {
			isa = PBXContainerItemProxy;
			containerPortal = 701FB01D1B286E95009A7D74 /* Project object */;
			proxyType = 1;
			remoteGlobalIDString = 701FB0241B286E95009A7D74;
			remoteInfo = Weather;
		};
/* End PBXContainerItemProxy section */

/* Begin PBXFileReference section */
		701FB0251B286E95009A7D74 /* Weather.app */ = {isa = PBXFileReference; explicitFileType = wrapper.application; includeInIndex = 0; path = Weather.app; sourceTree = BUILT_PRODUCTS_DIR; };
		701FB0291B286E95009A7D74 /* Info.plist */ = {isa = PBXFileReference; lastKnownFileType = text.plist.xml; path = Info.plist; sourceTree = "<group>"; };
		701FB02A1B286E95009A7D74 /* main.m */ = {isa = PBXFileReference; lastKnownFileType = sourcecode.c.objc; path = main.m; sourceTree = "<group>"; };
		701FB02C1B286E95009A7D74 /* AppDelegate.h */ = {isa = PBXFileReference; lastKnownFileType = sourcecode.c.h; path = AppDelegate.h; sourceTree = "<group>"; };
		701FB02D1B286E95009A7D74 /* AppDelegate.m */ = {isa = PBXFileReference; lastKnownFileType = sourcecode.c.objc; path = AppDelegate.m; sourceTree = "<group>"; };
		701FB02F1B286E95009A7D74 /* ViewController.h */ = {isa = PBXFileReference; lastKnownFileType = sourcecode.c.h; path = ViewController.h; sourceTree = "<group>"; };
		701FB0301B286E95009A7D74 /* ViewController.m */ = {isa = PBXFileReference; lastKnownFileType = sourcecode.c.objc; path = ViewController.m; sourceTree = "<group>"; };
		701FB0331B286E95009A7D74 /* Base */ = {isa = PBXFileReference; lastKnownFileType = file.storyboard; name = Base; path = Base.lproj/Main.storyboard; sourceTree = "<group>"; };
		701FB0351B286E95009A7D74 /* Images.xcassets */ = {isa = PBXFileReference; lastKnownFileType = folder.assetcatalog; path = Images.xcassets; sourceTree = "<group>"; };
		701FB0381B286E95009A7D74 /* Base */ = {isa = PBXFileReference; lastKnownFileType = file.xib; name = Base; path = Base.lproj/LaunchScreen.xib; sourceTree = "<group>"; };
		701FB03E1B286E95009A7D74 /* WeatherTests.xctest */ = {isa = PBXFileReference; explicitFileType = wrapper.cfbundle; includeInIndex = 0; path = WeatherTests.xctest; sourceTree = BUILT_PRODUCTS_DIR; };
		701FB0431B286E95009A7D74 /* Info.plist */ = {isa = PBXFileReference; lastKnownFileType = text.plist.xml; path = Info.plist; sourceTree = "<group>"; };
		701FB0441B286E95009A7D74 /* WeatherTests.m */ = {isa = PBXFileReference; lastKnownFileType = sourcecode.c.objc; path = WeatherTests.m; sourceTree = "<group>"; };
/* End PBXFileReference section */

/* Begin PBXFrameworksBuildPhase section */
		701FB0221B286E95009A7D74 /* Frameworks */ = {
			isa = PBXFrameworksBuildPhase;
			buildActionMask = 2147483647;
			files = (
			);
			runOnlyForDeploymentPostprocessing = 0;
		};
		701FB03B1B286E95009A7D74 /* Frameworks */ = {
			isa = PBXFrameworksBuildPhase;
			buildActionMask = 2147483647;
			files = (
			);
			runOnlyForDeploymentPostprocessing = 0;
		};
/* End PBXFrameworksBuildPhase section */

/* Begin PBXGroup section */
		701FB01C1B286E95009A7D74 = {
			isa = PBXGroup;
			children = (
				701FB0271B286E95009A7D74 /* Weather */,
				701FB0411B286E95009A7D74 /* WeatherTests */,
				701FB0261B286E95009A7D74 /* Products */,
			);
			sourceTree = "<group>";
		};
		701FB0261B286E95009A7D74 /* Products */ = {
			isa = PBXGroup;
			children = (
				701FB0251B286E95009A7D74 /* Weather.app */,
				701FB03E1B286E95009A7D74 /* WeatherTests.xctest */,
			);
			name = Products;
			sourceTree = "<group>";
		};
		701FB0271B286E95009A7D74 /* Weather */ = {
			isa = PBXGroup;
			children = (
				701FB02C1B286E95009A7D74 /* AppDelegate.h */,
				701FB02D1B286E95009A7D74 /* AppDelegate.m */,
				701FB02F1B286E95009A7D74 /* ViewController.h */,
				701FB0301B286E95009A7D74 /* ViewController.m */,
				701FB0321B286E95009A7D74 /* Main.storyboard */,
				701FB0351B286E95009A7D74 /* Images.xcassets */,
				701FB0371B286E95009A7D74 /* LaunchScreen.xib */,
				701FB0281B286E95009A7D74 /* Supporting Files */,
			);
			path = Weather;
			sourceTree = "<group>";
		};
		701FB0281B286E95009A7D74 /* Supporting Files */ = {
			isa = PBXGroup;
			children = (
				701FB0291B286E95009A7D74 /* Info.plist */,
				701FB02A1B286E95009A7D74 /* main.m */,
			);
			name = "Supporting Files";
			sourceTree = "<group>";
		};
		701FB0411B286E95009A7D74 /* WeatherTests */ = {
			isa = PBXGroup;
			children = (
				701FB0441B286E95009A7D74 /* WeatherTests.m */,
				701FB0421B286E95009A7D74 /* Supporting Files */,
			);
			path = WeatherTests;
			sourceTree = "<group>";
		};
		701FB0421B286E95009A7D74 /* Supporting Files */ = {
			isa = PBXGroup;
			children = (
				701FB0431B286E95009A7D74 /* Info.plist */,
			);
			name = "Supporting Files";
			sourceTree = "<group>";
		};
/* End PBXGroup section */

/* Begin PBXNativeTarget section */
		701FB0241B286E95009A7D74 /* Weather */ = {
			isa = PBXNativeTarget;
			buildConfigurationList = 701FB0481B286E95009A7D74 /* Build configuration list for PBXNativeTarget "Weather" */;
			buildPhases = (
				701FB0211B286E95009A7D74 /* Sources */,
				701FB0221B286E95009A7D74 /* Frameworks */,
				701FB0231B286E95009A7D74 /* Resources */,
			);
			buildRules = (
			);
			dependencies = (
			);
			name = Weather;
			productName = Weather;
			productReference = 701FB0251B286E95009A7D74 /* Weather.app */;
			productType = "com.apple.product-type.application";
		};
		701FB03D1B286E95009A7D74 /* WeatherTests */ = {
			isa = PBXNativeTarget;
			buildConfigurationList = 701FB04B1B286E95009A7D74 /* Build configuration list for PBXNativeTarget "WeatherTests" */;
			buildPhases = (
				701FB03A1B286E95009A7D74 /* Sources */,
				701FB03B1B286E95009A7D74 /* Frameworks */,
				701FB03C1B286E95009A7D74 /* Resources */,
			);
			buildRules = (
			);
			dependencies = (
				701FB0401B286E95009A7D74 /* PBXTargetDependency */,
			);
			name = WeatherTests;
			productName = WeatherTests;
			productReference = 701FB03E1B286E95009A7D74 /* WeatherTests.xctest */;
			productType = "com.apple.product-type.bundle.unit-test";
		};
/* End PBXNativeTarget section */

/* Begin PBXProject section */
		701FB01D1B286E95009A7D74 /* Project object */ = {
			isa = PBXProject;
			attributes = {
				LastUpgradeCheck = 0610;
				ORGANIZATIONNAME = "信通惠德";
				TargetAttributes = {
					701FB0241B286E95009A7D74 = {
						CreatedOnToolsVersion = 6.1;
					};
					701FB03D1B286E95009A7D74 = {
						CreatedOnToolsVersion = 6.1;
						TestTargetID = 701FB0241B286E95009A7D74;
					};
				};
			};
			buildConfigurationList = 701FB0201B286E95009A7D74 /* Build configuration list for PBXProject "Weather" */;
			compatibilityVersion = "Xcode 3.2";
			developmentRegion = English;
			hasScannedForEncodings = 0;
			knownRegions = (
				en,
				Base,
			);
			mainGroup = 701FB01C1B286E95009A7D74;
			productRefGroup = 701FB0261B286E95009A7D74 /* Products */;
			projectDirPath = "";
			projectRoot = "";
			targets = (
				701FB0241B286E95009A7D74 /* Weather */,
				701FB03D1B286E95009A7D74 /* WeatherTests */,
			);
		};
/* End PBXProject section */

/* Begin PBXResourcesBuildPhase section */
		701FB0231B286E95009A7D74 /* Resources */ = {
			isa = PBXResourcesBuildPhase;
			buildActionMask = 2147483647;
			files = (
				701FB0341B286E95009A7D74 /* Main.storyboard in Resources */,
				701FB0391B286E95009A7D74 /* LaunchScreen.xib in Resources */,
				701FB0361B286E95009A7D74 /* Images.xcassets in Resources */,
			);
			runOnlyForDeploymentPostprocessing = 0;
		};
		701FB03C1B286E95009A7D74 /* Resources */ = {
			isa = PBXResourcesBuildPhase;
			buildActionMask = 2147483647;
			files = (
			);
			runOnlyForDeploymentPostprocessing = 0;
		};
/* End PBXResourcesBuildPhase section */

/* Begin PBXSourcesBuildPhase section */
		701FB0211B286E95009A7D74 /* Sources */ = {
			isa = PBXSourcesBuildPhase;
			buildActionMask = 2147483647;
			files = (
				701FB0311B286E95009A7D74 /* ViewController.m in Sources */,
				701FB02E1B286E95009A7D74 /* AppDelegate.m in Sources */,
				701FB02B1B286E95009A7D74 /* main.m in Sources */,
			);
			runOnlyForDeploymentPostprocessing = 0;
		};
		701FB03A1B286E95009A7D74 /* Sources */ = {
			isa = PBXSourcesBuildPhase;
			buildActionMask = 2147483647;
			files = (
				701FB0451B286E95009A7D74 /* WeatherTests.m in Sources */,
			);
			runOnlyForDeploymentPostprocessing = 0;
		};
/* End PBXSourcesBuildPhase section */

/* Begin PBXTargetDependency section */
		701FB0401B286E95009A7D74 /* PBXTargetDependency */ = {
			isa = PBXTargetDependency;
			target = 701FB0241B286E95009A7D74 /* Weather */;
			targetProxy = 701FB03F1B286E95009A7D74 /* PBXContainerItemProxy */;
		};
/* End PBXTargetDependency section */

/* Begin PBXVariantGroup section */
		701FB0321B286E95009A7D74 /* Main.storyboard */ = {
			isa = PBXVariantGroup;
			children = (
				701FB0331B286E95009A7D74 /* Base */,
			);
			name = Main.storyboard;
			sourceTree = "<group>";
		};
		701FB0371B286E95009A7D74 /* LaunchScreen.xib */ = {
			isa = PBXVariantGroup;
			children = (
				701FB0381B286E95009A7D74 /* Base */,
			);
			name = LaunchScreen.xib;
			sourceTree = "<group>";
		};
/* End PBXVariantGroup section */

/* Begin XCBuildConfiguration section */
		701FB0461B286E95009A7D74 /* Debug */ = {
			isa = XCBuildConfiguration;
			buildSettings = {
				ALWAYS_SEARCH_USER_PATHS = NO;
				CLANG_CXX_LANGUAGE_STANDARD = "gnu++0x";
				CLANG_CXX_LIBRARY = "libc++";
				CLANG_ENABLE_MODULES = YES;
				CLANG_ENABLE_OBJC_ARC = YES;
				CLANG_WARN_BOOL_CONVERSION = YES;
				CLANG_WARN_CONSTANT_CONVERSION = YES;
				CLANG_WARN_DIRECT_OBJC_ISA_USAGE = YES_ERROR;
				CLANG_WARN_EMPTY_BODY = YES;
				CLANG_WARN_ENUM_CONVERSION = YES;
				CLANG_WARN_INT_CONVERSION = YES;
				CLANG_WARN_OBJC_ROOT_CLASS = YES_ERROR;
				CLANG_WARN_UNREACHABLE_CODE = YES;
				CLANG_WARN__DUPLICATE_METHOD_MATCH = YES;
				"CODE_SIGN_IDENTITY[sdk=iphoneos*]" = "iPhone Developer";
				COPY_PHASE_STRIP = NO;
				ENABLE_STRICT_OBJC_MSGSEND = YES;
				GCC_C_LANGUAGE_STANDARD = gnu99;
				GCC_DYNAMIC_NO_PIC = NO;
				GCC_OPTIMIZATION_LEVEL = 0;
				GCC_PREPROCESSOR_DEFINITIONS = (
					"DEBUG=1",
					"$(inherited)",
				);
				GCC_SYMBOLS_PRIVATE_EXTERN = NO;
				GCC_WARN_64_TO_32_BIT_CONVERSION = YES;
				GCC_WARN_ABOUT_RETURN_TYPE = YES_ERROR;
				GCC_WARN_UNDECLARED_SELECTOR = YES;
				GCC_WARN_UNINITIALIZED_AUTOS = YES_AGGRESSIVE;
				GCC_WARN_UNUSED_FUNCTION = YES;
				GCC_WARN_UNUSED_VARIABLE = YES;
				IPHONEOS_DEPLOYMENT_TARGET = 8.1;
				MTL_ENABLE_DEBUG_INFO = YES;
				ONLY_ACTIVE_ARCH = YES;
				SDKROOT = iphoneos;
			};
			name = Debug;
		};
		701FB0471B286E95009A7D74 /* Release */ = {
			isa = XCBuildConfiguration;
			buildSettings = {
				ALWAYS_SEARCH_USER_PATHS = NO;
				CLANG_CXX_LANGUAGE_STANDARD = "gnu++0x";
				CLANG_CXX_LIBRARY = "libc++";
				CLANG_ENABLE_MODULES = YES;
				CLANG_ENABLE_OBJC_ARC = YES;
				CLANG_WARN_BOOL_CONVERSION = YES;
				CLANG_WARN_CONSTANT_CONVERSION = YES;
				CLANG_WARN_DIRECT_OBJC_ISA_USAGE = YES_ERROR;
				CLANG_WARN_EMPTY_BODY = YES;
				CLANG_WARN_ENUM_CONVERSION = YES;
				CLANG_WARN_INT_CONVERSION = YES;
				CLANG_WARN_OBJC_ROOT_CLASS = YES_ERROR;
				CLANG_WARN_UNREACHABLE_CODE = YES;
				CLANG_WARN__DUPLICATE_METHOD_MATCH = YES;
				"CODE_SIGN_IDENTITY[sdk=iphoneos*]" = "iPhone Developer";
				COPY_PHASE_STRIP = YES;
				ENABLE_NS_ASSERTIONS = NO;
				ENABLE_STRICT_OBJC_MSGSEND = YES;
				GCC_C_LANGUAGE_STANDARD = gnu99;
				GCC_WARN_64_TO_32_BIT_CONVERSION = YES;
				GCC_WARN_ABOUT_RETURN_TYPE = YES_ERROR;
				GCC_WARN_UNDECLARED_SELECTOR = YES;
				GCC_WARN_UNINITIALIZED_AUTOS = YES_AGGRESSIVE;
				GCC_WARN_UNUSED_FUNCTION = YES;
				GCC_WARN_UNUSED_VARIABLE = YES;
				IPHONEOS_DEPLOYMENT_TARGET = 8.1;
				MTL_ENABLE_DEBUG_INFO = NO;
				SDKROOT = iphoneos;
				VALIDATE_PRODUCT = YES;
			};
			name = Release;
		};
		701FB0491B286E95009A7D74 /* Debug */ = {
			isa = XCBuildConfiguration;
			buildSettings = {
				ASSETCATALOG_COMPILER_APPICON_NAME = AppIcon;
				INFOPLIST_FILE = Weather/Info.plist;
				LD_RUNPATH_SEARCH_PATHS = "$(inherited) @executable_path/Frameworks";
				PRODUCT_NAME = "$(TARGET_NAME)";
			};
			name = Debug;
		};
		701FB04A1B286E95009A7D74 /* Release */ = {
			isa = XCBuildConfiguration;
			buildSettings = {
				ASSETCATALOG_COMPILER_APPICON_NAME = AppIcon;
				INFOPLIST_FILE = Weather/Info.plist;
				LD_RUNPATH_SEARCH_PATHS = "$(inherited) @executable_path/Frameworks";
				PRODUCT_NAME = "$(TARGET_NAME)";
			};
			name = Release;
		};
		701FB04C1B286E95009A7D74 /* Debug */ = {
			isa = XCBuildConfiguration;
			buildSettings = {
				BUNDLE_LOADER = "$(TEST_HOST)";
				FRAMEWORK_SEARCH_PATHS = (
					"$(SDKROOT)/Developer/Library/Frameworks",
					"$(inherited)",
				);
				GCC_PREPROCESSOR_DEFINITIONS = (
					"DEBUG=1",
					"$(inherited)",
				);
				INFOPLIST_FILE = WeatherTests/Info.plist;
				LD_RUNPATH_SEARCH_PATHS = "$(inherited) @executable_path/Frameworks @loader_path/Frameworks";
				PRODUCT_NAME = "$(TARGET_NAME)";
				TEST_HOST = "$(BUILT_PRODUCTS_DIR)/Weather.app/Weather";
			};
			name = Debug;
		};
		701FB04D1B286E95009A7D74 /* Release */ = {
			isa = XCBuildConfiguration;
			buildSettings = {
				BUNDLE_LOADER = "$(TEST_HOST)";
				FRAMEWORK_SEARCH_PATHS = (
					"$(SDKROOT)/Developer/Library/Frameworks",
					"$(inherited)",
				);
				INFOPLIST_FILE = WeatherTests/Info.plist;
				LD_RUNPATH_SEARCH_PATHS = "$(inherited) @executable_path/Frameworks @loader_path/Frameworks";
				PRODUCT_NAME = "$(TARGET_NAME)";
				TEST_HOST = "$(BUILT_PRODUCTS_DIR)/Weather.app/Weather";
			};
			name = Release;
		};
/* End XCBuildConfiguration section */

/* Begin XCConfigurationList section */
		701FB0201B286E95009A7D74 /* Build configuration list for PBXProject "Weather" */ = {
			isa = XCConfigurationList;
			buildConfigurations = (
				701FB0461B286E95009A7D74 /* Debug */,
				701FB0471B286E95009A7D74 /* Release */,
			);
			defaultConfigurationIsVisible = 0;
			defaultConfigurationName = Release;
		};
		701FB0481B286E95009A7D74 /* Build configuration list for PBXNativeTarget "Weather" */ = {
			isa = XCConfigurationList;
			buildConfigurations = (
				701FB0491B286E95009A7D74 /* Debug */,
				701FB04A1B286E95009A7D74 /* Release */,
			);
			defaultConfigurationIsVisible = 0;
		};
		701FB04B1B286E95009A7D74 /* Build configuration list for PBXNativeTarget "WeatherTests" */ = {
			isa = XCConfigurationList;
			buildConfigurations = (
				701FB04C1B286E95009A7D74 /* Debug */,
				701FB04D1B286E95009A7D74 /* Release */,
			);
			defaultConfigurationIsVisible = 0;
		};
/* End XCConfigurationList section */
	};
	rootObject = 701FB01D1B286E95009A7D74 /* Project object */;
}
